
Microsoft Visual Studio Solution File, Format Version 12.00
# Visual Studio 2013
VisualStudioVersion = 12.0.31101.0
MinimumVisualStudioVersion = 10.0.40219.1
Project("{FAE04EC0-301F-11D3-BF4B-00C04F79EFBC}") = "GameOfLife", "GameOfLife\GameOfLife.csproj", "{E40C9B4B-7FEE-4072-913E-E3D5FF4B4564}"
EndProject
Project("{FAE04EC0-301F-11D3-BF4B-00C04F79EFBC}") = "GameOfLifeTest", "GameOfLifeTest\GameOfLifeTest.csproj", "{F83B1F36-24A5-4918-A295-7E9F1EA27EA5}"
EndProject
Project("{FAE04EC0-301F-11D3-BF4B-00C04F79EFBC}") = "GameOfLifeApi", "GameOfLifeApi\GameOfLifeApi.csproj", "{04E8AD01-B929-4924-AE1F-4936770B4431}"
EndProject
Global
	GlobalSection(SolutionConfigurationPlatforms) = preSolution
		Debug|Any CPU = Debug|Any CPU
		Release|Any CPU = Release|Any CPU
	EndGlobalSection
	GlobalSection(ProjectConfigurationPlatforms) = postSolution
		{E40C9B4B-7FEE-4072-913E-E3D5FF4B4564}.Debug|Any CPU.ActiveCfg = Debug|Any CPU
		{E40C9B4B-7FEE-4072-913E-E3D5FF4B4564}.Debug|Any CPU.Build.0 = Debug|Any CPU
		{E40C9B4B-7FEE-4072-913E-E3D5FF4B4564}.Release|Any CPU.ActiveCfg = Release|Any CPU
		{E40C9B4B-7FEE-4072-913E-E3D5FF4B4564}.Release|Any CPU.Build.0 = Release|Any CPU
		{F83B1F36-24A5-4918-A295-7E9F1EA27EA5}.Debug|Any CPU.ActiveCfg = Debug|Any CPU
		{F83B1F36-24A5-4918-A295-7E9F1EA27EA5}.Debug|Any CPU.Build.0 = Debug|Any CPU
		{F83B1F36-24A5-4918-A295-7E9F1EA27EA5}.Release|Any CPU.ActiveCfg = Release|Any CPU
		{F83B1F36-24A5-4918-A295-7E9F1EA27EA5}.Release|Any CPU.Build.0 = Release|Any CPU
		{04E8AD01-B929-4924-AE1F-4936770B4431}.Debug|Any CPU.ActiveCfg = Debug|Any CPU
		{04E8AD01-B929-4924-AE1F-4936770B4431}.Debug|Any CPU.Build.0 = Debug|Any CPU
		{04E8AD01-B929-4924-AE1F-4936770B4431}.Release|Any CPU.ActiveCfg = Release|Any CPU
		{04E8AD01-B929-4924-AE1F-4936770B4431}.Release|Any CPU.Build.0 = Release|Any CPU
	EndGlobalSection
	GlobalSection(SolutionProperties) = preSolution
		HideSolutionNode = FALSE
	EndGlobalSection
EndGlobal
